{
  "name": "audiom-widget",
  "lockfileVersion": 3,
  "requires": true,
  "packages": {
    "": {
      "name": "audiom-widget",
      "dependencies": {
        "@xrnavigation/audiom-runtime": "file:../../shared/audiom-runtime"
      }
    },
    "../../shared/audiom-runtime": {
      "name": "@xrnavigation/audiom-runtime",
      "version": "0.1.0",
      "license": "UNLICENSED"
    },
    "node_modules/@xrnavigation/audiom-runtime": {
      "resolved": "../../shared/audiom-runtime",
      "link": true
    }
  }
}
